
Microsoft Visual Studio Solution File, Format Version 12.00
# Visual Studio Version 17
VisualStudioVersion = 17.9.34714.143
MinimumVisualStudioVersion = 10.0.40219.1
Project("{8BC9CEB8-8B4A-11D0-8D11-00A0C91BC942}") = "Grid-Based Fluid Simulator", "Grid-Based Fluid Simulator\Grid-Based Fluid Simulator.vcxproj", "{2009634D-C332-4D64-A537-0935425DD081}"
EndProject
Global
	GlobalSection(SolutionConfigurationPlatforms) = preSolution
		Debug|x64 = Debug|x64
		Debug|x86 = Debug|x86
		Release|x64 = Release|x64
		Release|x86 = Release|x86
	EndGlobalSection
	GlobalSection(ProjectConfigurationPlatforms) = postSolution
		{2009634D-C332-4D64-A537-0935425DD081}.Debug|x64.ActiveCfg = Debug|x64
		{2009634D-C332-4D64-A537-0935425DD081}.Debug|x64.Build.0 = Debug|x64
		{2009634D-C332-4D64-A537-0935425DD081}.Debug|x86.ActiveCfg = Debug|Win32
		{2009634D-C332-4D64-A537-0935425DD081}.Debug|x86.Build.0 = Debug|Win32
		{2009634D-C332-4D64-A537-0935425DD081}.Release|x64.ActiveCfg = Release|x64
		{2009634D-C332-4D64-A537-0935425DD081}.Release|x64.Build.0 = Release|x64
		{2009634D-C332-4D64-A537-0935425DD081}.Release|x86.ActiveCfg = Release|Win32
		{2009634D-C332-4D64-A537-0935425DD081}.Release|x86.Build.0 = Release|Win32
	EndGlobalSection
	GlobalSection(SolutionProperties) = preSolution
		HideSolutionNode = FALSE
	EndGlobalSection
	GlobalSection(ExtensibilityGlobals) = postSolution
		SolutionGuid = {93A305C3-ABA5-4472-9617-C75219CE7BC5}
	EndGlobalSection
EndGlobal
